
Microsoft Visual Studio Solution File, Format Version 12.00
# Visual Studio Version 17
VisualStudioVersion = 17.4.33403.182
MinimumVisualStudioVersion = 10.0.40219.1
Project("{FAE04EC0-301F-11D3-BF4B-00C04F79EFBC}") = "Restaurant", "Restaurant\Restaurant.csproj", "{0B902EA5-9122-4CE6-AE2B-2D4550F85436}"
EndProject
Global
	GlobalSection(SolutionConfigurationPlatforms) = preSolution
		Debug|Any CPU = Debug|Any CPU
		Release|Any CPU = Release|Any CPU
	EndGlobalSection
	GlobalSection(ProjectConfigurationPlatforms) = postSolution
		{0B902EA5-9122-4CE6-AE2B-2D4550F85436}.Debug|Any CPU.ActiveCfg = Debug|Any CPU
		{0B902EA5-9122-4CE6-AE2B-2D4550F85436}.Debug|Any CPU.Build.0 = Debug|Any CPU
		{0B902EA5-9122-4CE6-AE2B-2D4550F85436}.Release|Any CPU.ActiveCfg = Release|Any CPU
		{0B902EA5-9122-4CE6-AE2B-2D4550F85436}.Release|Any CPU.Build.0 = Release|Any CPU
	EndGlobalSection
	GlobalSection(SolutionProperties) = preSolution
		HideSolutionNode = FALSE
	EndGlobalSection
	GlobalSection(ExtensibilityGlobals) = postSolution
		SolutionGuid = {565E05BC-0B93-4D1F-A17E-A1EAD0720204}
	EndGlobalSection
EndGlobal
